
Microsoft Visual Studio Solution File, Format Version 12.00
# Visual Studio 15
VisualStudioVersion = 15.0.27004.2005
MinimumVisualStudioVersion = 10.0.40219.1
Project("{FAE04EC0-301F-11D3-BF4B-00C04F79EFBC}") = "投篮2", "投篮2\投篮2.csproj", "{64F7F63F-AFEB-442D-9F98-59AD44A5DBCD}"
EndProject
Global
	GlobalSection(SolutionConfigurationPlatforms) = preSolution
		Debug|Any CPU = Debug|Any CPU
		Release|Any CPU = Release|Any CPU
	EndGlobalSection
	GlobalSection(ProjectConfigurationPlatforms) = postSolution
		{64F7F63F-AFEB-442D-9F98-59AD44A5DBCD}.Debug|Any CPU.ActiveCfg = Debug|Any CPU
		{64F7F63F-AFEB-442D-9F98-59AD44A5DBCD}.Debug|Any CPU.Build.0 = Debug|Any CPU
		{64F7F63F-AFEB-442D-9F98-59AD44A5DBCD}.Release|Any CPU.ActiveCfg = Release|Any CPU
		{64F7F63F-AFEB-442D-9F98-59AD44A5DBCD}.Release|Any CPU.Build.0 = Release|Any CPU
	EndGlobalSection
	GlobalSection(SolutionProperties) = preSolution
		HideSolutionNode = FALSE
	EndGlobalSection
	GlobalSection(ExtensibilityGlobals) = postSolution
		SolutionGuid = {A7842CD8-2B3D-469B-8690-85747A36C6A6}
	EndGlobalSection
EndGlobal
