
Microsoft Visual Studio Solution File, Format Version 12.00
# Visual Studio 15
VisualStudioVersion = 15.0.27004.2005
MinimumVisualStudioVersion = 10.0.40219.1
Project("{FAE04EC0-301F-11D3-BF4B-00C04F79EFBC}") = "PlaneGame2", "PlaneGame2\PlaneGame2.csproj", "{95E28D9A-ABA0-4370-A54D-2EF44A0D280B}"
EndProject
Global
	GlobalSection(SolutionConfigurationPlatforms) = preSolution
		Debug|Any CPU = Debug|Any CPU
		Release|Any CPU = Release|Any CPU
	EndGlobalSection
	GlobalSection(ProjectConfigurationPlatforms) = postSolution
		{95E28D9A-ABA0-4370-A54D-2EF44A0D280B}.Debug|Any CPU.ActiveCfg = Debug|Any CPU
		{95E28D9A-ABA0-4370-A54D-2EF44A0D280B}.Debug|Any CPU.Build.0 = Debug|Any CPU
		{95E28D9A-ABA0-4370-A54D-2EF44A0D280B}.Release|Any CPU.ActiveCfg = Release|Any CPU
		{95E28D9A-ABA0-4370-A54D-2EF44A0D280B}.Release|Any CPU.Build.0 = Release|Any CPU
	EndGlobalSection
	GlobalSection(SolutionProperties) = preSolution
		HideSolutionNode = FALSE
	EndGlobalSection
	GlobalSection(ExtensibilityGlobals) = postSolution
		SolutionGuid = {20F5E907-96B6-4CAD-8635-9B5DC13AC099}
	EndGlobalSection
EndGlobal
